
Microsoft Visual Studio Solution File, Format Version 12.00
# Visual Studio 15
VisualStudioVersion = 15.0.26430.6
MinimumVisualStudioVersion = 10.0.40219.1
Project("{FAE04EC0-301F-11D3-BF4B-00C04F79EFBC}") = "Blog", "Blog\Blog.csproj", "{4E2B8B13-8D95-4847-B0E8-99B9E343F15B}"
EndProject
Project("{FAE04EC0-301F-11D3-BF4B-00C04F79EFBC}") = "Blog.Integration.Tests", "Blog.Integration.Tests\Blog.Integration.Tests.csproj", "{6F311F8B-4DAD-415C-A08A-2D3520781BEF}"
EndProject
Project("{FAE04EC0-301F-11D3-BF4B-00C04F79EFBC}") = "Blog.Unit.Tests", "Blog.Unit.Tests\Blog.Unit.Tests.csproj", "{FA623C85-687C-4323-8A41-00130CA7F21E}"
EndProject
Project("{FAE04EC0-301F-11D3-BF4B-00C04F79EFBC}") = "Blog.UI.Tests", "Blog.UI.Tests\Blog.UI.Tests.csproj", "{C84933A9-4791-4785-B16C-F8D82C3F69D0}"
EndProject
Global
	GlobalSection(SolutionConfigurationPlatforms) = preSolution
		Debug|Any CPU = Debug|Any CPU
		Release|Any CPU = Release|Any CPU
	EndGlobalSection
	GlobalSection(ProjectConfigurationPlatforms) = postSolution
		{4E2B8B13-8D95-4847-B0E8-99B9E343F15B}.Debug|Any CPU.ActiveCfg = Debug|Any CPU
		{4E2B8B13-8D95-4847-B0E8-99B9E343F15B}.Debug|Any CPU.Build.0 = Debug|Any CPU
		{4E2B8B13-8D95-4847-B0E8-99B9E343F15B}.Release|Any CPU.ActiveCfg = Release|Any CPU
		{4E2B8B13-8D95-4847-B0E8-99B9E343F15B}.Release|Any CPU.Build.0 = Release|Any CPU
		{6F311F8B-4DAD-415C-A08A-2D3520781BEF}.Debug|Any CPU.ActiveCfg = Debug|Any CPU
		{6F311F8B-4DAD-415C-A08A-2D3520781BEF}.Debug|Any CPU.Build.0 = Debug|Any CPU
		{6F311F8B-4DAD-415C-A08A-2D3520781BEF}.Release|Any CPU.ActiveCfg = Release|Any CPU
		{6F311F8B-4DAD-415C-A08A-2D3520781BEF}.Release|Any CPU.Build.0 = Release|Any CPU
		{FA623C85-687C-4323-8A41-00130CA7F21E}.Debug|Any CPU.ActiveCfg = Debug|Any CPU
		{FA623C85-687C-4323-8A41-00130CA7F21E}.Debug|Any CPU.Build.0 = Debug|Any CPU
		{FA623C85-687C-4323-8A41-00130CA7F21E}.Release|Any CPU.ActiveCfg = Release|Any CPU
		{FA623C85-687C-4323-8A41-00130CA7F21E}.Release|Any CPU.Build.0 = Release|Any CPU
		{C84933A9-4791-4785-B16C-F8D82C3F69D0}.Debug|Any CPU.ActiveCfg = Debug|Any CPU
		{C84933A9-4791-4785-B16C-F8D82C3F69D0}.Debug|Any CPU.Build.0 = Debug|Any CPU
		{C84933A9-4791-4785-B16C-F8D82C3F69D0}.Release|Any CPU.ActiveCfg = Release|Any CPU
		{C84933A9-4791-4785-B16C-F8D82C3F69D0}.Release|Any CPU.Build.0 = Release|Any CPU
	EndGlobalSection
	GlobalSection(SolutionProperties) = preSolution
		HideSolutionNode = FALSE
	EndGlobalSection
EndGlobal
